
Microsoft Visual Studio Solution File, Format Version 12.00
# Visual Studio Version 17
VisualStudioVersion = 17.14.36511.14 d17.14
MinimumVisualStudioVersion = 10.0.40219.1
Project("{FAE04EC0-301F-11D3-BF4B-00C04F79EFBC}") = "Sprint0", "Sprint0\Sprint0.csproj", "{0ED81B47-DE1C-4EE0-A938-DE7D6B72D5B2}"
EndProject
Global
	GlobalSection(SolutionConfigurationPlatforms) = preSolution
		Debug|Any CPU = Debug|Any CPU
		Release|Any CPU = Release|Any CPU
	EndGlobalSection
	GlobalSection(ProjectConfigurationPlatforms) = postSolution
		{0ED81B47-DE1C-4EE0-A938-DE7D6B72D5B2}.Debug|Any CPU.ActiveCfg = Debug|Any CPU
		{0ED81B47-DE1C-4EE0-A938-DE7D6B72D5B2}.Debug|Any CPU.Build.0 = Debug|Any CPU
		{0ED81B47-DE1C-4EE0-A938-DE7D6B72D5B2}.Release|Any CPU.ActiveCfg = Release|Any CPU
		{0ED81B47-DE1C-4EE0-A938-DE7D6B72D5B2}.Release|Any CPU.Build.0 = Release|Any CPU
	EndGlobalSection
	GlobalSection(SolutionProperties) = preSolution
		HideSolutionNode = FALSE
	EndGlobalSection
	GlobalSection(ExtensibilityGlobals) = postSolution
		SolutionGuid = {467D6366-E2AC-429B-8BEA-E3B5F2BB7E51}
	EndGlobalSection
EndGlobal
